
Microsoft Visual Studio Solution File, Format Version 12.00
# Visual Studio Version 16
VisualStudioVersion = 16.0.31624.102
MinimumVisualStudioVersion = 10.0.40219.1
Project("{FAE04EC0-301F-11D3-BF4B-00C04F79EFBC}") = "Loans", "Loans\Loans.csproj", "{BFF31BA3-FAA8-4517-B2DB-073D8F964E82}"
EndProject
Global
	GlobalSection(SolutionConfigurationPlatforms) = preSolution
		Debug|Any CPU = Debug|Any CPU
		Release|Any CPU = Release|Any CPU
	EndGlobalSection
	GlobalSection(ProjectConfigurationPlatforms) = postSolution
		{BFF31BA3-FAA8-4517-B2DB-073D8F964E82}.Debug|Any CPU.ActiveCfg = Debug|Any CPU
		{BFF31BA3-FAA8-4517-B2DB-073D8F964E82}.Debug|Any CPU.Build.0 = Debug|Any CPU
		{BFF31BA3-FAA8-4517-B2DB-073D8F964E82}.Release|Any CPU.ActiveCfg = Release|Any CPU
		{BFF31BA3-FAA8-4517-B2DB-073D8F964E82}.Release|Any CPU.Build.0 = Release|Any CPU
	EndGlobalSection
	GlobalSection(SolutionProperties) = preSolution
		HideSolutionNode = FALSE
	EndGlobalSection
	GlobalSection(ExtensibilityGlobals) = postSolution
		SolutionGuid = {1CC6D044-5BD6-4624-8C63-479C8DC65228}
	EndGlobalSection
EndGlobal
